
Microsoft Visual Studio Solution File, Format Version 12.00
# Visual Studio Version 16
VisualStudioVersion = 16.0.32929.386
MinimumVisualStudioVersion = 10.0.40219.1
Project("{9A19103F-16F7-4668-BE54-9A1E7A4F7556}") = "VolumeLock", "VolumeLock.csproj", "{61A154F1-6B59-4EEF-BF78-5B99C0C1D9F7}"
EndProject
Global
	GlobalSection(SolutionConfigurationPlatforms) = preSolution
		Debug|Any CPU = Debug|Any CPU
		Release|Any CPU = Release|Any CPU
	EndGlobalSection
	GlobalSection(ProjectConfigurationPlatforms) = postSolution
		{61A154F1-6B59-4EEF-BF78-5B99C0C1D9F7}.Debug|Any CPU.ActiveCfg = Debug|Any CPU
		{61A154F1-6B59-4EEF-BF78-5B99C0C1D9F7}.Debug|Any CPU.Build.0 = Debug|Any CPU
		{61A154F1-6B59-4EEF-BF78-5B99C0C1D9F7}.Release|Any CPU.ActiveCfg = Release|Any CPU
		{61A154F1-6B59-4EEF-BF78-5B99C0C1D9F7}.Release|Any CPU.Build.0 = Release|Any CPU
	EndGlobalSection
	GlobalSection(SolutionProperties) = preSolution
		HideSolutionNode = FALSE
	EndGlobalSection
	GlobalSection(ExtensibilityGlobals) = postSolution
		SolutionGuid = {B16AB913-AA26-402A-A84B-3054F5A99C13}
	EndGlobalSection
EndGlobal
